// !$*UTF8*$!
{
	archiveVersion = 1;
	classes = {
	};
	objectVersion = 50;
	objects = {

/* Begin PBXBuildFile section */
		D6F6228A212307CC00A8C1C3 /* AppDelegate.swift in Sources */ = {isa = PBXBuildFile; fileRef = D6F62289212307CC00A8C1C3 /* AppDelegate.swift */; };
		D6F6228F212307CC00A8C1C3 /* Main.storyboard in Resources */ = {isa = PBXBuildFile; fileRef = D6F6228D212307CC00A8C1C3 /* Main.storyboard */; };
		D6F62291212307CF00A8C1C3 /* Assets.xcassets in Resources */ = {isa = PBXBuildFile; fileRef = D6F62290212307CF00A8C1C3 /* Assets.xcassets */; };
		D6F62294212307CF00A8C1C3 /* LaunchScreen.storyboard in Resources */ = {isa = PBXBuildFile; fileRef = D6F62292212307CF00A8C1C3 /* LaunchScreen.storyboard */; };
		D6F6229E21230E4A00A8C1C3 /* Flashcards.xcdatamodeld in Sources */ = {isa = PBXBuildFile; fileRef = D6F6229C21230E4900A8C1C3 /* Flashcards.xcdatamodeld */; };
		D6F622A02123110100A8C1C3 /* CoreDataStack.swift in Sources */ = {isa = PBXBuildFile; fileRef = D6F6229F2123110100A8C1C3 /* CoreDataStack.swift */; };
		D6F622A22123117600A8C1C3 /* Flashcard+Convenience.swift in Sources */ = {isa = PBXBuildFile; fileRef = D6F622A12123117600A8C1C3 /* Flashcard+Convenience.swift */; };
/* End PBXBuildFile section */

/* Begin PBXFileReference section */
		D6F62286212307CC00A8C1C3 /* Flashcards.app */ = {isa = PBXFileReference; explicitFileType = wrapper.application; includeInIndex = 0; path = Flashcards.app; sourceTree = BUILT_PRODUCTS_DIR; };
		D6F62289212307CC00A8C1C3 /* AppDelegate.swift */ = {isa = PBXFileReference; lastKnownFileType = sourcecode.swift; path = AppDelegate.swift; sourceTree = "<group>"; };
		D6F6228E212307CC00A8C1C3 /* Base */ = {isa = PBXFileReference; lastKnownFileType = file.storyboard; name = Base; path = Base.lproj/Main.storyboard; sourceTree = "<group>"; };
		D6F62290212307CF00A8C1C3 /* Assets.xcassets */ = {isa = PBXFileReference; lastKnownFileType = folder.assetcatalog; path = Assets.xcassets; sourceTree = "<group>"; };
		D6F62293212307CF00A8C1C3 /* Base */ = {isa = PBXFileReference; lastKnownFileType = file.storyboard; name = Base; path = Base.lproj/LaunchScreen.storyboard; sourceTree = "<group>"; };
		D6F62295212307CF00A8C1C3 /* Info.plist */ = {isa = PBXFileReference; lastKnownFileType = text.plist.xml; path = Info.plist; sourceTree = "<group>"; };
		D6F6229D21230E4900A8C1C3 /* Flashcards.xcdatamodel */ = {isa = PBXFileReference; lastKnownFileType = wrapper.xcdatamodel; path = Flashcards.xcdatamodel; sourceTree = "<group>"; };
		D6F6229F2123110100A8C1C3 /* CoreDataStack.swift */ = {isa = PBXFileReference; lastKnownFileType = sourcecode.swift; path = CoreDataStack.swift; sourceTree = "<group>"; };
		D6F622A12123117600A8C1C3 /* Flashcard+Convenience.swift */ = {isa = PBXFileReference; lastKnownFileType = sourcecode.swift; path = "Flashcard+Convenience.swift"; sourceTree = "<group>"; };
/* End PBXFileReference section */

/* Begin PBXFrameworksBuildPhase section */
		D6F62283212307CC00A8C1C3 /* Frameworks */ = {
			isa = PBXFrameworksBuildPhase;
			buildActionMask = 2147483647;
			files = (
			);
			runOnlyForDeploymentPostprocessing = 0;
		};
/* End PBXFrameworksBuildPhase section */

/* Begin PBXGroup section */
		D6F6227D212307CB00A8C1C3 = {
			isa = PBXGroup;
			children = (
				D6F62288212307CC00A8C1C3 /* Flashcards */,
				D6F62287212307CC00A8C1C3 /* Products */,
			);
			sourceTree = "<group>";
		};
		D6F62287212307CC00A8C1C3 /* Products */ = {
			isa = PBXGroup;
			children = (
				D6F62286212307CC00A8C1C3 /* Flashcards.app */,
			);
			name = Products;
			sourceTree = "<group>";
		};
		D6F62288212307CC00A8C1C3 /* Flashcards */ = {
			isa = PBXGroup;
			children = (
				D6F6229B21230E2900A8C1C3 /* Model */,
				D6F6228D212307CC00A8C1C3 /* Main.storyboard */,
				D6F62290212307CF00A8C1C3 /* Assets.xcassets */,
				D6F62289212307CC00A8C1C3 /* AppDelegate.swift */,
				D6F62292212307CF00A8C1C3 /* LaunchScreen.storyboard */,
				D6F62295212307CF00A8C1C3 /* Info.plist */,
			);
			path = Flashcards;
			sourceTree = "<group>";
		};
		D6F6229B21230E2900A8C1C3 /* Model */ = {
			isa = PBXGroup;
			children = (
				D6F6229C21230E4900A8C1C3 /* Flashcards.xcdatamodeld */,
				D6F6229F2123110100A8C1C3 /* CoreDataStack.swift */,
				D6F622A12123117600A8C1C3 /* Flashcard+Convenience.swift */,
			);
			path = Model;
			sourceTree = "<group>";
		};
/* End PBXGroup section */

/* Begin PBXNativeTarget section */
		D6F62285212307CC00A8C1C3 /* Flashcards */ = {
			isa = PBXNativeTarget;
			buildConfigurationList = D6F62298212307CF00A8C1C3 /* Build configuration list for PBXNativeTarget "Flashcards" */;
			buildPhases = (
				D6F62282212307CC00A8C1C3 /* Sources */,
				D6F62283212307CC00A8C1C3 /* Frameworks */,
				D6F62284212307CC00A8C1C3 /* Resources */,
			);
			buildRules = (
			);
			dependencies = (
			);
			name = Flashcards;
			productName = Flashcards;
			productReference = D6F62286212307CC00A8C1C3 /* Flashcards.app */;
			productType = "com.apple.product-type.application";
		};
/* End PBXNativeTarget section */

/* Begin PBXProject section */
		D6F6227E212307CB00A8C1C3 /* Project object */ = {
			isa = PBXProject;
			attributes = {
				LastSwiftUpdateCheck = 0940;
				LastUpgradeCheck = 0940;
				ORGANIZATIONNAME = "Samantha Gatt";
				TargetAttributes = {
					D6F62285212307CC00A8C1C3 = {
						CreatedOnToolsVersion = 9.4.1;
					};
				};
			};
			buildConfigurationList = D6F62281212307CB00A8C1C3 /* Build configuration list for PBXProject "Flashcards" */;
			compatibilityVersion = "Xcode 9.3";
			developmentRegion = en;
			hasScannedForEncodings = 0;
			knownRegions = (
				en,
				Base,
			);
			mainGroup = D6F6227D212307CB00A8C1C3;
			productRefGroup = D6F62287212307CC00A8C1C3 /* Products */;
			projectDirPath = "";
			projectRoot = "";
			targets = (
				D6F62285212307CC00A8C1C3 /* Flashcards */,
			);
		};
/* End PBXProject section */

/* Begin PBXResourcesBuildPhase section */
		D6F62284212307CC00A8C1C3 /* Resources */ = {
			isa = PBXResourcesBuildPhase;
			buildActionMask = 2147483647;
			files = (
				D6F62294212307CF00A8C1C3 /* LaunchScreen.storyboard in Resources */,
				D6F62291212307CF00A8C1C3 /* Assets.xcassets in Resources */,
				D6F6228F212307CC00A8C1C3 /* Main.storyboard in Resources */,
			);
			runOnlyForDeploymentPostprocessing = 0;
		};
/* End PBXResourcesBuildPhase section */

/* Begin PBXSourcesBuildPhase section */
		D6F62282212307CC00A8C1C3 /* Sources */ = {
			isa = PBXSourcesBuildPhase;
			buildActionMask = 2147483647;
			files = (
				D6F622A02123110100A8C1C3 /* CoreDataStack.swift in Sources */,
				D6F6229E21230E4A00A8C1C3 /* Flashcards.xcdatamodeld in Sources */,
				D6F622A22123117600A8C1C3 /* Flashcard+Convenience.swift in Sources */,
				D6F6228A212307CC00A8C1C3 /* AppDelegate.swift in Sources */,
			);
			runOnlyForDeploymentPostprocessing = 0;
		};
/* End PBXSourcesBuildPhase section */

/* Begin PBXVariantGroup section */
		D6F6228D212307CC00A8C1C3 /* Main.storyboard */ = {
			isa = PBXVariantGroup;
			children = (
				D6F6228E212307CC00A8C1C3 /* Base */,
			);
			name = Main.storyboard;
			sourceTree = "<group>";
		};
		D6F62292212307CF00A8C1C3 /* LaunchScreen.storyboard */ = {
			isa = PBXVariantGroup;
			children = (
				D6F62293212307CF00A8C1C3 /* Base */,
			);
			name = LaunchScreen.storyboard;
			sourceTree = "<group>";
		};
/* End PBXVariantGroup section */

/* Begin XCBuildConfiguration section */
		D6F62296212307CF00A8C1C3 /* Debug */ = {
			isa = XCBuildConfiguration;
			buildSettings = {
				ALWAYS_SEARCH_USER_PATHS = NO;
				CLANG_ANALYZER_NONNULL = YES;
				CLANG_ANALYZER_NUMBER_OBJECT_CONVERSION = YES_AGGRESSIVE;
				CLANG_CXX_LANGUAGE_STANDARD = "gnu++14";
				CLANG_CXX_LIBRARY = "libc++";
				CLANG_ENABLE_MODULES = YES;
				CLANG_ENABLE_OBJC_ARC = YES;
				CLANG_ENABLE_OBJC_WEAK = YES;
				CLANG_WARN_BLOCK_CAPTURE_AUTORELEASING = YES;
				CLANG_WARN_BOOL_CONVERSION = YES;
				CLANG_WARN_COMMA = YES;
				CLANG_WARN_CONSTANT_CONVERSION = YES;
				CLANG_WARN_DEPRECATED_OBJC_IMPLEMENTATIONS = YES;
				CLANG_WARN_DIRECT_OBJC_ISA_USAGE = YES_ERROR;
				CLANG_WARN_DOCUMENTATION_COMMENTS = YES;
				CLANG_WARN_EMPTY_BODY = YES;
				CLANG_WARN_ENUM_CONVERSION = YES;
				CLANG_WARN_INFINITE_RECURSION = YES;
				CLANG_WARN_INT_CONVERSION = YES;
				CLANG_WARN_NON_LITERAL_NULL_CONVERSION = YES;
				CLANG_WARN_OBJC_IMPLICIT_RETAIN_SELF = YES;
				CLANG_WARN_OBJC_LITERAL_CONVERSION = YES;
				CLANG_WARN_OBJC_ROOT_CLASS = YES_ERROR;
				CLANG_WARN_RANGE_LOOP_ANALYSIS = YES;
				CLANG_WARN_STRICT_PROTOTYPES = YES;
				CLANG_WARN_SUSPICIOUS_MOVE = YES;
				CLANG_WARN_UNGUARDED_AVAILABILITY = YES_AGGRESSIVE;
				CLANG_WARN_UNREACHABLE_CODE = YES;
				CLANG_WARN__DUPLICATE_METHOD_MATCH = YES;
				CODE_SIGN_IDENTITY = "iPhone Developer";
				COPY_PHASE_STRIP = NO;
				DEBUG_INFORMATION_FORMAT = dwarf;
				ENABLE_STRICT_OBJC_MSGSEND = YES;
				ENABLE_TESTABILITY = YES;
				GCC_C_LANGUAGE_STANDARD = gnu11;
				GCC_DYNAMIC_NO_PIC = NO;
				GCC_NO_COMMON_BLOCKS = YES;
				GCC_OPTIMIZATION_LEVEL = 0;
				GCC_PREPROCESSOR_DEFINITIONS = (
					"DEBUG=1",
					"$(inherited)",
				);
				GCC_WARN_64_TO_32_BIT_CONVERSION = YES;
				GCC_WARN_ABOUT_RETURN_TYPE = YES_ERROR;
				GCC_WARN_UNDECLARED_SELECTOR = YES;
				GCC_WARN_UNINITIALIZED_AUTOS = YES_AGGRESSIVE;
				GCC_WARN_UNUSED_FUNCTION = YES;
				GCC_WARN_UNUSED_VARIABLE = YES;
				IPHONEOS_DEPLOYMENT_TARGET = 11.4;
				MTL_ENABLE_DEBUG_INFO = YES;
				ONLY_ACTIVE_ARCH = YES;
				SDKROOT = iphoneos;
				SWIFT_ACTIVE_COMPILATION_CONDITIONS = DEBUG;
				SWIFT_OPTIMIZATION_LEVEL = "-Onone";
			};
			name = Debug;
		};
		D6F62297212307CF00A8C1C3 /* Release */ = {
			isa = XCBuildConfiguration;
			buildSettings = {
				ALWAYS_SEARCH_USER_PATHS = NO;
				CLANG_ANALYZER_NONNULL = YES;
				CLANG_ANALYZER_NUMBER_OBJECT_CONVERSION = YES_AGGRESSIVE;
				CLANG_CXX_LANGUAGE_STANDARD = "gnu++14";
				CLANG_CXX_LIBRARY = "libc++";
				CLANG_ENABLE_MODULES = YES;
				CLANG_ENABLE_OBJC_ARC = YES;
				CLANG_ENABLE_OBJC_WEAK = YES;
				CLANG_WARN_BLOCK_CAPTURE_AUTORELEASING = YES;
				CLANG_WARN_BOOL_CONVERSION = YES;
				CLANG_WARN_COMMA = YES;
				CLANG_WARN_CONSTANT_CONVERSION = YES;
				CLANG_WARN_DEPRECATED_OBJC_IMPLEMENTATIONS = YES;
				CLANG_WARN_DIRECT_OBJC_ISA_USAGE = YES_ERROR;
				CLANG_WARN_DOCUMENTATION_COMMENTS = YES;
				CLANG_WARN_EMPTY_BODY = YES;
				CLANG_WARN_ENUM_CONVERSION = YES;
				CLANG_WARN_INFINITE_RECURSION = YES;
				CLANG_WARN_INT_CONVERSION = YES;
				CLANG_WARN_NON_LITERAL_NULL_CONVERSION = YES;
				CLANG_WARN_OBJC_IMPLICIT_RETAIN_SELF = YES;
				CLANG_WARN_OBJC_LITERAL_CONVERSION = YES;
				CLANG_WARN_OBJC_ROOT_CLASS = YES_ERROR;
				CLANG_WARN_RANGE_LOOP_ANALYSIS = YES;
				CLANG_WARN_STRICT_PROTOTYPES = YES;
				CLANG_WARN_SUSPICIOUS_MOVE = YES;
				CLANG_WARN_UNGUARDED_AVAILABILITY = YES_AGGRESSIVE;
				CLANG_WARN_UNREACHABLE_CODE = YES;
				CLANG_WARN__DUPLICATE_METHOD_MATCH = YES;
				CODE_SIGN_IDENTITY = "iPhone Developer";
				COPY_PHASE_STRIP = NO;
				DEBUG_INFORMATION_FORMAT = "dwarf-with-dsym";
				ENABLE_NS_ASSERTIONS = NO;
				ENABLE_STRICT_OBJC_MSGSEND = YES;
				GCC_C_LANGUAGE_STANDARD = gnu11;
				GCC_NO_COMMON_BLOCKS = YES;
				GCC_WARN_64_TO_32_BIT_CONVERSION = YES;
				GCC_WARN_ABOUT_RETURN_TYPE = YES_ERROR;
				GCC_WARN_UNDECLARED_SELECTOR = YES;
				GCC_WARN_UNINITIALIZED_AUTOS = YES_AGGRESSIVE;
				GCC_WARN_UNUSED_FUNCTION = YES;
				GCC_WARN_UNUSED_VARIABLE = YES;
				IPHONEOS_DEPLOYMENT_TARGET = 11.4;
				MTL_ENABLE_DEBUG_INFO = NO;
				SDKROOT = iphoneos;
				SWIFT_COMPILATION_MODE = wholemodule;
				SWIFT_OPTIMIZATION_LEVEL = "-O";
				VALIDATE_PRODUCT = YES;
			};
			name = Release;
		};
		D6F62299212307CF00A8C1C3 /* Debug */ = {
			isa = XCBuildConfiguration;
			buildSettings = {
				ASSETCATALOG_COMPILER_APPICON_NAME = AppIcon;
				CODE_SIGN_STYLE = Automatic;
				DEVELOPMENT_TEAM = 84AK8SAYG2;
				INFOPLIST_FILE = Flashcards/Info.plist;
				LD_RUNPATH_SEARCH_PATHS = (
					"$(inherited)",
					"@executable_path/Frameworks",
				);
				PRODUCT_BUNDLE_IDENTIFIER = com.SamanthaGatt.Flashcards;
				PRODUCT_NAME = "$(TARGET_NAME)";
				SWIFT_VERSION = 4.0;
				TARGETED_DEVICE_FAMILY = "1,2";
			};
			name = Debug;
		};
		D6F6229A212307CF00A8C1C3 /* Release */ = {
			isa = XCBuildConfiguration;
			buildSettings = {
				ASSETCATALOG_COMPILER_APPICON_NAME = AppIcon;
				CODE_SIGN_STYLE = Automatic;
				DEVELOPMENT_TEAM = 84AK8SAYG2;
				INFOPLIST_FILE = Flashcards/Info.plist;
				LD_RUNPATH_SEARCH_PATHS = (
					"$(inherited)",
					"@executable_path/Frameworks",
				);
				PRODUCT_BUNDLE_IDENTIFIER = com.SamanthaGatt.Flashcards;
				PRODUCT_NAME = "$(TARGET_NAME)";
				SWIFT_VERSION = 4.0;
				TARGETED_DEVICE_FAMILY = "1,2";
			};
			name = Release;
		};
/* End XCBuildConfiguration section */

/* Begin XCConfigurationList section */
		D6F62281212307CB00A8C1C3 /* Build configuration list for PBXProject "Flashcards" */ = {
			isa = XCConfigurationList;
			buildConfigurations = (
				D6F62296212307CF00A8C1C3 /* Debug */,
				D6F62297212307CF00A8C1C3 /* Release */,
			);
			defaultConfigurationIsVisible = 0;
			defaultConfigurationName = Release;
		};
		D6F62298212307CF00A8C1C3 /* Build configuration list for PBXNativeTarget "Flashcards" */ = {
			isa = XCConfigurationList;
			buildConfigurations = (
				D6F62299212307CF00A8C1C3 /* Debug */,
				D6F6229A212307CF00A8C1C3 /* Release */,
			);
			defaultConfigurationIsVisible = 0;
			defaultConfigurationName = Release;
		};
/* End XCConfigurationList section */

/* Begin XCVersionGroup section */
		D6F6229C21230E4900A8C1C3 /* Flashcards.xcdatamodeld */ = {
			isa = XCVersionGroup;
			children = (
				D6F6229D21230E4900A8C1C3 /* Flashcards.xcdatamodel */,
			);
			currentVersion = D6F6229D21230E4900A8C1C3 /* Flashcards.xcdatamodel */;
			path = Flashcards.xcdatamodeld;
			sourceTree = "<group>";
			versionGroupType = wrapper.xcdatamodel;
		};
/* End XCVersionGroup section */
	};
	rootObject = D6F6227E212307CB00A8C1C3 /* Project object */;
}
